
Microsoft Visual Studio Solution File, Format Version 11.00
# Visual Studio 2010
# SharpDevelop 5.1
Project("{FAE04EC0-301F-11D3-BF4B-00C04F79EFBC}") = "Tui drag drop file test", "Tui drag drop file test\Tui drag drop file test.csproj", "{7CBDD063-EC24-422D-BDCD-3FFE3CAC1F53}"
EndProject
Global
	GlobalSection(SolutionConfigurationPlatforms) = preSolution
		Debug|Any CPU = Debug|Any CPU
		Release|Any CPU = Release|Any CPU
	EndGlobalSection
	GlobalSection(ProjectConfigurationPlatforms) = postSolution
		{7CBDD063-EC24-422D-BDCD-3FFE3CAC1F53}.Debug|Any CPU.ActiveCfg = Debug|Any CPU
		{7CBDD063-EC24-422D-BDCD-3FFE3CAC1F53}.Debug|Any CPU.Build.0 = Debug|Any CPU
		{7CBDD063-EC24-422D-BDCD-3FFE3CAC1F53}.Release|Any CPU.ActiveCfg = Release|Any CPU
		{7CBDD063-EC24-422D-BDCD-3FFE3CAC1F53}.Release|Any CPU.Build.0 = Release|Any CPU
	EndGlobalSection
EndGlobal
